
Microsoft Visual Studio Solution File, Format Version 12.00
# Visual Studio Version 17
VisualStudioVersion = 17.4.33213.308
MinimumVisualStudioVersion = 10.0.40219.1
Project("{FAE04EC0-301F-11D3-BF4B-00C04F79EFBC}") = "bookStore", "bookStore\bookStore.csproj", "{B2C71386-73C3-4E6E-950E-AECA0E699ED0}"
EndProject
Global
	GlobalSection(SolutionConfigurationPlatforms) = preSolution
		Debug|Any CPU = Debug|Any CPU
		Release|Any CPU = Release|Any CPU
	EndGlobalSection
	GlobalSection(ProjectConfigurationPlatforms) = postSolution
		{B2C71386-73C3-4E6E-950E-AECA0E699ED0}.Debug|Any CPU.ActiveCfg = Debug|Any CPU
		{B2C71386-73C3-4E6E-950E-AECA0E699ED0}.Debug|Any CPU.Build.0 = Debug|Any CPU
		{B2C71386-73C3-4E6E-950E-AECA0E699ED0}.Release|Any CPU.ActiveCfg = Release|Any CPU
		{B2C71386-73C3-4E6E-950E-AECA0E699ED0}.Release|Any CPU.Build.0 = Release|Any CPU
	EndGlobalSection
	GlobalSection(SolutionProperties) = preSolution
		HideSolutionNode = FALSE
	EndGlobalSection
	GlobalSection(ExtensibilityGlobals) = postSolution
		SolutionGuid = {3992BC35-DEDB-4B09-A820-810CD985F4A9}
	EndGlobalSection
EndGlobal
